
Microsoft Visual Studio Solution File, Format Version 12.00
# Visual Studio 2013
VisualStudioVersion = 12.0.21005.1
MinimumVisualStudioVersion = 10.0.40219.1
Project("{CC5FD16D-436D-48AD-A40C-5A424C6E3E79}") = "getstyle", "getstyle\getstyle.ccproj", "{018D5E86-55A7-4A3F-BA04-9349712C681C}"
EndProject
Project("{FAE04EC0-301F-11D3-BF4B-00C04F79EFBC}") = "FrontEnd", "FrontEnd\FrontEnd.csproj", "{6A689ABB-3CED-46DD-884E-F018B76D13B8}"
EndProject
Global
	GlobalSection(SolutionConfigurationPlatforms) = preSolution
		Debug|Any CPU = Debug|Any CPU
		Release|Any CPU = Release|Any CPU
	EndGlobalSection
	GlobalSection(ProjectConfigurationPlatforms) = postSolution
		{018D5E86-55A7-4A3F-BA04-9349712C681C}.Debug|Any CPU.ActiveCfg = Debug|Any CPU
		{018D5E86-55A7-4A3F-BA04-9349712C681C}.Debug|Any CPU.Build.0 = Debug|Any CPU
		{018D5E86-55A7-4A3F-BA04-9349712C681C}.Release|Any CPU.ActiveCfg = Release|Any CPU
		{018D5E86-55A7-4A3F-BA04-9349712C681C}.Release|Any CPU.Build.0 = Release|Any CPU
		{6A689ABB-3CED-46DD-884E-F018B76D13B8}.Debug|Any CPU.ActiveCfg = Debug|Any CPU
		{6A689ABB-3CED-46DD-884E-F018B76D13B8}.Debug|Any CPU.Build.0 = Debug|Any CPU
		{6A689ABB-3CED-46DD-884E-F018B76D13B8}.Release|Any CPU.ActiveCfg = Release|Any CPU
		{6A689ABB-3CED-46DD-884E-F018B76D13B8}.Release|Any CPU.Build.0 = Release|Any CPU
	EndGlobalSection
	GlobalSection(SolutionProperties) = preSolution
		HideSolutionNode = FALSE
	EndGlobalSection
EndGlobal
